
Microsoft Visual Studio Solution File, Format Version 12.00
# Visual Studio 15
VisualStudioVersion = 15.0.27130.2010
MinimumVisualStudioVersion = 10.0.40219.1
Project("{FAE04EC0-301F-11D3-BF4B-00C04F79EFBC}") = "ElectroneumSpace.Android", "ElectroneumSpace\ElectroneumSpace.Android\ElectroneumSpace.Android.csproj", "{005BA4CA-1046-4CF0-A0F2-A81831DC5C9E}"
EndProject
Project("{FAE04EC0-301F-11D3-BF4B-00C04F79EFBC}") = "ElectroneumSpace.iOS", "ElectroneumSpace\ElectroneumSpace.iOS\ElectroneumSpace.iOS.csproj", "{ED74E5FD-8210-42FC-99D8-630AFF9C8FB1}"
EndProject
Project("{FAE04EC0-301F-11D3-BF4B-00C04F79EFBC}") = "ElectroneumSpace.UWP", "ElectroneumSpace\ElectroneumSpace.UWP\ElectroneumSpace.UWP.csproj", "{D21A47F7-FB05-4A43-B287-FB46B5274B15}"
EndProject
Project("{FAE04EC0-301F-11D3-BF4B-00C04F79EFBC}") = "ElectroneumSpace", "ElectroneumSpace\ElectroneumSpace\ElectroneumSpace.csproj", "{C7819616-6440-4C97-A363-33C3E6187551}"
EndProject
Global
	GlobalSection(SolutionConfigurationPlatforms) = preSolution
		Ad-Hoc|Any CPU = Ad-Hoc|Any CPU
		Ad-Hoc|ARM = Ad-Hoc|ARM
		Ad-Hoc|iPhone = Ad-Hoc|iPhone
		Ad-Hoc|iPhoneSimulator = Ad-Hoc|iPhoneSimulator
		Ad-Hoc|x64 = Ad-Hoc|x64
		Ad-Hoc|x86 = Ad-Hoc|x86
		AppStore|Any CPU = AppStore|Any CPU
		AppStore|ARM = AppStore|ARM
		AppStore|iPhone = AppStore|iPhone
		AppStore|iPhoneSimulator = AppStore|iPhoneSimulator
		AppStore|x64 = AppStore|x64
		AppStore|x86 = AppStore|x86
		Debug|Any CPU = Debug|Any CPU
		Debug|ARM = Debug|ARM
		Debug|iPhone = Debug|iPhone
		Debug|iPhoneSimulator = Debug|iPhoneSimulator
		Debug|x64 = Debug|x64
		Debug|x86 = Debug|x86
		Release|Any CPU = Release|Any CPU
		Release|ARM = Release|ARM
		Release|iPhone = Release|iPhone
		Release|iPhoneSimulator = Release|iPhoneSimulator
		Release|x64 = Release|x64
		Release|x86 = Release|x86
	EndGlobalSection
	GlobalSection(ProjectConfigurationPlatforms) = postSolution
		{005BA4CA-1046-4CF0-A0F2-A81831DC5C9E}.Ad-Hoc|Any CPU.ActiveCfg = Release|Any CPU
		{005BA4CA-1046-4CF0-A0F2-A81831DC5C9E}.Ad-Hoc|Any CPU.Build.0 = Release|Any CPU
		{005BA4CA-1046-4CF0-A0F2-A81831DC5C9E}.Ad-Hoc|Any CPU.Deploy.0 = Release|Any CPU
		{005BA4CA-1046-4CF0-A0F2-A81831DC5C9E}.Ad-Hoc|ARM.ActiveCfg = Release|Any CPU
		{005BA4CA-1046-4CF0-A0F2-A81831DC5C9E}.Ad-Hoc|ARM.Build.0 = Release|Any CPU
		{005BA4CA-1046-4CF0-A0F2-A81831DC5C9E}.Ad-Hoc|ARM.Deploy.0 = Release|Any CPU
		{005BA4CA-1046-4CF0-A0F2-A81831DC5C9E}.Ad-Hoc|iPhone.ActiveCfg = Release|Any CPU
		{005BA4CA-1046-4CF0-A0F2-A81831DC5C9E}.Ad-Hoc|iPhone.Build.0 = Release|Any CPU
		{005BA4CA-1046-4CF0-A0F2-A81831DC5C9E}.Ad-Hoc|iPhone.Deploy.0 = Release|Any CPU
		{005BA4CA-1046-4CF0-A0F2-A81831DC5C9E}.Ad-Hoc|iPhoneSimulator.ActiveCfg = Release|Any CPU
		{005BA4CA-1046-4CF0-A0F2-A81831DC5C9E}.Ad-Hoc|iPhoneSimulator.Build.0 = Release|Any CPU
		{005BA4CA-1046-4CF0-A0F2-A81831DC5C9E}.Ad-Hoc|iPhoneSimulator.Deploy.0 = Release|Any CPU
		{005BA4CA-1046-4CF0-A0F2-A81831DC5C9E}.Ad-Hoc|x64.ActiveCfg = Release|Any CPU
		{005BA4CA-1046-4CF0-A0F2-A81831DC5C9E}.Ad-Hoc|x64.Build.0 = Release|Any CPU
		{005BA4CA-1046-4CF0-A0F2-A81831DC5C9E}.Ad-Hoc|x64.Deploy.0 = Release|Any CPU
		{005BA4CA-1046-4CF0-A0F2-A81831DC5C9E}.Ad-Hoc|x86.ActiveCfg = Release|Any CPU
		{005BA4CA-1046-4CF0-A0F2-A81831DC5C9E}.Ad-Hoc|x86.Build.0 = Release|Any CPU
		{005BA4CA-1046-4CF0-A0F2-A81831DC5C9E}.Ad-Hoc|x86.Deploy.0 = Release|Any CPU
		{005BA4CA-1046-4CF0-A0F2-A81831DC5C9E}.AppStore|Any CPU.ActiveCfg = Release|Any CPU
		{005BA4CA-1046-4CF0-A0F2-A81831DC5C9E}.AppStore|Any CPU.Build.0 = Release|Any CPU
		{005BA4CA-1046-4CF0-A0F2-A81831DC5C9E}.AppStore|Any CPU.Deploy.0 = Release|Any CPU
		{005BA4CA-1046-4CF0-A0F2-A81831DC5C9E}.AppStore|ARM.ActiveCfg = Release|Any CPU
		{005BA4CA-1046-4CF0-A0F2-A81831DC5C9E}.AppStore|ARM.Build.0 = Release|Any CPU
		{005BA4CA-1046-4CF0-A0F2-A81831DC5C9E}.AppStore|ARM.Deploy.0 = Release|Any CPU
		{005BA4CA-1046-4CF0-A0F2-A81831DC5C9E}.AppStore|iPhone.ActiveCfg = Release|Any CPU
		{005BA4CA-1046-4CF0-A0F2-A81831DC5C9E}.AppStore|iPhone.Build.0 = Release|Any CPU
		{005BA4CA-1046-4CF0-A0F2-A81831DC5C9E}.AppStore|iPhone.Deploy.0 = Release|Any CPU
		{005BA4CA-1046-4CF0-A0F2-A81831DC5C9E}.AppStore|iPhoneSimulator.ActiveCfg = Release|Any CPU
		{005BA4CA-1046-4CF0-A0F2-A81831DC5C9E}.AppStore|iPhoneSimulator.Build.0 = Release|Any CPU
		{005BA4CA-1046-4CF0-A0F2-A81831DC5C9E}.AppStore|iPhoneSimulator.Deploy.0 = Release|Any CPU
		{005BA4CA-1046-4CF0-A0F2-A81831DC5C9E}.AppStore|x64.ActiveCfg = Release|Any CPU
		{005BA4CA-1046-4CF0-A0F2-A81831DC5C9E}.AppStore|x64.Build.0 = Release|Any CPU
		{005BA4CA-1046-4CF0-A0F2-A81831DC5C9E}.AppStore|x64.Deploy.0 = Release|Any CPU
		{005BA4CA-1046-4CF0-A0F2-A81831DC5C9E}.AppStore|x86.ActiveCfg = Release|Any CPU
		{005BA4CA-1046-4CF0-A0F2-A81831DC5C9E}.AppStore|x86.Build.0 = Release|Any CPU
		{005BA4CA-1046-4CF0-A0F2-A81831DC5C9E}.AppStore|x86.Deploy.0 = Release|Any CPU
		{005BA4CA-1046-4CF0-A0F2-A81831DC5C9E}.Debug|Any CPU.ActiveCfg = Debug|Any CPU
		{005BA4CA-1046-4CF0-A0F2-A81831DC5C9E}.Debug|Any CPU.Build.0 = Debug|Any CPU
		{005BA4CA-1046-4CF0-A0F2-A81831DC5C9E}.Debug|Any CPU.Deploy.0 = Debug|Any CPU
		{005BA4CA-1046-4CF0-A0F2-A81831DC5C9E}.Debug|ARM.ActiveCfg = Debug|Any CPU
		{005BA4CA-1046-4CF0-A0F2-A81831DC5C9E}.Debug|ARM.Build.0 = Debug|Any CPU
		{005BA4CA-1046-4CF0-A0F2-A81831DC5C9E}.Debug|ARM.Deploy.0 = Debug|Any CPU
		{005BA4CA-1046-4CF0-A0F2-A81831DC5C9E}.Debug|iPhone.ActiveCfg = Debug|Any CPU
		{005BA4CA-1046-4CF0-A0F2-A81831DC5C9E}.Debug|iPhone.Build.0 = Debug|Any CPU
		{005BA4CA-1046-4CF0-A0F2-A81831DC5C9E}.Debug|iPhone.Deploy.0 = Debug|Any CPU
		{005BA4CA-1046-4CF0-A0F2-A81831DC5C9E}.Debug|iPhoneSimulator.ActiveCfg = Debug|Any CPU
		{005BA4CA-1046-4CF0-A0F2-A81831DC5C9E}.Debug|iPhoneSimulator.Build.0 = Debug|Any CPU
		{005BA4CA-1046-4CF0-A0F2-A81831DC5C9E}.Debug|iPhoneSimulator.Deploy.0 = Debug|Any CPU
		{005BA4CA-1046-4CF0-A0F2-A81831DC5C9E}.Debug|x64.ActiveCfg = Debug|Any CPU
		{005BA4CA-1046-4CF0-A0F2-A81831DC5C9E}.Debug|x64.Build.0 = Debug|Any CPU
		{005BA4CA-1046-4CF0-A0F2-A81831DC5C9E}.Debug|x64.Deploy.0 = Debug|Any CPU
		{005BA4CA-1046-4CF0-A0F2-A81831DC5C9E}.Debug|x86.ActiveCfg = Debug|Any CPU
		{005BA4CA-1046-4CF0-A0F2-A81831DC5C9E}.Debug|x86.Build.0 = Debug|Any CPU
		{005BA4CA-1046-4CF0-A0F2-A81831DC5C9E}.Debug|x86.Deploy.0 = Debug|Any CPU
		{005BA4CA-1046-4CF0-A0F2-A81831DC5C9E}.Release|Any CPU.ActiveCfg = Release|Any CPU
		{005BA4CA-1046-4CF0-A0F2-A81831DC5C9E}.Release|Any CPU.Build.0 = Release|Any CPU
		{005BA4CA-1046-4CF0-A0F2-A81831DC5C9E}.Release|Any CPU.Deploy.0 = Release|Any CPU
		{005BA4CA-1046-4CF0-A0F2-A81831DC5C9E}.Release|ARM.ActiveCfg = Release|Any CPU
		{005BA4CA-1046-4CF0-A0F2-A81831DC5C9E}.Release|ARM.Build.0 = Release|Any CPU
		{005BA4CA-1046-4CF0-A0F2-A81831DC5C9E}.Release|ARM.Deploy.0 = Release|Any CPU
		{005BA4CA-1046-4CF0-A0F2-A81831DC5C9E}.Release|iPhone.ActiveCfg = Release|Any CPU
		{005BA4CA-1046-4CF0-A0F2-A81831DC5C9E}.Release|iPhone.Build.0 = Release|Any CPU
		{005BA4CA-1046-4CF0-A0F2-A81831DC5C9E}.Release|iPhone.Deploy.0 = Release|Any CPU
		{005BA4CA-1046-4CF0-A0F2-A81831DC5C9E}.Release|iPhoneSimulator.ActiveCfg = Release|Any CPU
		{005BA4CA-1046-4CF0-A0F2-A81831DC5C9E}.Release|iPhoneSimulator.Build.0 = Release|Any CPU
		{005BA4CA-1046-4CF0-A0F2-A81831DC5C9E}.Release|iPhoneSimulator.Deploy.0 = Release|Any CPU
		{005BA4CA-1046-4CF0-A0F2-A81831DC5C9E}.Release|x64.ActiveCfg = Release|Any CPU
		{005BA4CA-1046-4CF0-A0F2-A81831DC5C9E}.Release|x64.Build.0 = Release|Any CPU
		{005BA4CA-1046-4CF0-A0F2-A81831DC5C9E}.Release|x64.Deploy.0 = Release|Any CPU
		{005BA4CA-1046-4CF0-A0F2-A81831DC5C9E}.Release|x86.ActiveCfg = Release|Any CPU
		{005BA4CA-1046-4CF0-A0F2-A81831DC5C9E}.Release|x86.Build.0 = Release|Any CPU
		{005BA4CA-1046-4CF0-A0F2-A81831DC5C9E}.Release|x86.Deploy.0 = Release|Any CPU
		{ED74E5FD-8210-42FC-99D8-630AFF9C8FB1}.Ad-Hoc|Any CPU.ActiveCfg = Ad-Hoc|iPhone
		{ED74E5FD-8210-42FC-99D8-630AFF9C8FB1}.Ad-Hoc|ARM.ActiveCfg = Ad-Hoc|iPhone
		{ED74E5FD-8210-42FC-99D8-630AFF9C8FB1}.Ad-Hoc|iPhone.ActiveCfg = Ad-Hoc|iPhone
		{ED74E5FD-8210-42FC-99D8-630AFF9C8FB1}.Ad-Hoc|iPhone.Build.0 = Ad-Hoc|iPhone
		{ED74E5FD-8210-42FC-99D8-630AFF9C8FB1}.Ad-Hoc|iPhoneSimulator.ActiveCfg = Ad-Hoc|iPhoneSimulator
		{ED74E5FD-8210-42FC-99D8-630AFF9C8FB1}.Ad-Hoc|iPhoneSimulator.Build.0 = Ad-Hoc|iPhoneSimulator
		{ED74E5FD-8210-42FC-99D8-630AFF9C8FB1}.Ad-Hoc|x64.ActiveCfg = Ad-Hoc|iPhone
		{ED74E5FD-8210-42FC-99D8-630AFF9C8FB1}.Ad-Hoc|x86.ActiveCfg = Ad-Hoc|iPhone
		{ED74E5FD-8210-42FC-99D8-630AFF9C8FB1}.AppStore|Any CPU.ActiveCfg = AppStore|iPhone
		{ED74E5FD-8210-42FC-99D8-630AFF9C8FB1}.AppStore|ARM.ActiveCfg = AppStore|iPhone
		{ED74E5FD-8210-42FC-99D8-630AFF9C8FB1}.AppStore|iPhone.ActiveCfg = AppStore|iPhone
		{ED74E5FD-8210-42FC-99D8-630AFF9C8FB1}.AppStore|iPhone.Build.0 = AppStore|iPhone
		{ED74E5FD-8210-42FC-99D8-630AFF9C8FB1}.AppStore|iPhoneSimulator.ActiveCfg = AppStore|iPhoneSimulator
		{ED74E5FD-8210-42FC-99D8-630AFF9C8FB1}.AppStore|iPhoneSimulator.Build.0 = AppStore|iPhoneSimulator
		{ED74E5FD-8210-42FC-99D8-630AFF9C8FB1}.AppStore|x64.ActiveCfg = AppStore|iPhone
		{ED74E5FD-8210-42FC-99D8-630AFF9C8FB1}.AppStore|x86.ActiveCfg = AppStore|iPhone
		{ED74E5FD-8210-42FC-99D8-630AFF9C8FB1}.Debug|Any CPU.ActiveCfg = Debug|iPhone
		{ED74E5FD-8210-42FC-99D8-630AFF9C8FB1}.Debug|ARM.ActiveCfg = Debug|iPhone
		{ED74E5FD-8210-42FC-99D8-630AFF9C8FB1}.Debug|iPhone.ActiveCfg = Debug|iPhone
		{ED74E5FD-8210-42FC-99D8-630AFF9C8FB1}.Debug|iPhone.Build.0 = Debug|iPhone
		{ED74E5FD-8210-42FC-99D8-630AFF9C8FB1}.Debug|iPhoneSimulator.ActiveCfg = Debug|iPhoneSimulator
		{ED74E5FD-8210-42FC-99D8-630AFF9C8FB1}.Debug|iPhoneSimulator.Build.0 = Debug|iPhoneSimulator
		{ED74E5FD-8210-42FC-99D8-630AFF9C8FB1}.Debug|x64.ActiveCfg = Debug|iPhone
		{ED74E5FD-8210-42FC-99D8-630AFF9C8FB1}.Debug|x86.ActiveCfg = Debug|iPhone
		{ED74E5FD-8210-42FC-99D8-630AFF9C8FB1}.Release|Any CPU.ActiveCfg = Release|iPhone
		{ED74E5FD-8210-42FC-99D8-630AFF9C8FB1}.Release|ARM.ActiveCfg = Release|iPhone
		{ED74E5FD-8210-42FC-99D8-630AFF9C8FB1}.Release|iPhone.ActiveCfg = Release|iPhone
		{ED74E5FD-8210-42FC-99D8-630AFF9C8FB1}.Release|iPhone.Build.0 = Release|iPhone
		{ED74E5FD-8210-42FC-99D8-630AFF9C8FB1}.Release|iPhoneSimulator.ActiveCfg = Release|iPhoneSimulator
		{ED74E5FD-8210-42FC-99D8-630AFF9C8FB1}.Release|iPhoneSimulator.Build.0 = Release|iPhoneSimulator
		{ED74E5FD-8210-42FC-99D8-630AFF9C8FB1}.Release|x64.ActiveCfg = Release|iPhone
		{ED74E5FD-8210-42FC-99D8-630AFF9C8FB1}.Release|x86.ActiveCfg = Release|iPhone
		{D21A47F7-FB05-4A43-B287-FB46B5274B15}.Ad-Hoc|Any CPU.ActiveCfg = Release|x86
		{D21A47F7-FB05-4A43-B287-FB46B5274B15}.Ad-Hoc|Any CPU.Build.0 = Release|x86
		{D21A47F7-FB05-4A43-B287-FB46B5274B15}.Ad-Hoc|Any CPU.Deploy.0 = Release|x86
		{D21A47F7-FB05-4A43-B287-FB46B5274B15}.Ad-Hoc|ARM.ActiveCfg = Release|ARM
		{D21A47F7-FB05-4A43-B287-FB46B5274B15}.Ad-Hoc|ARM.Build.0 = Release|ARM
		{D21A47F7-FB05-4A43-B287-FB46B5274B15}.Ad-Hoc|ARM.Deploy.0 = Release|ARM
		{D21A47F7-FB05-4A43-B287-FB46B5274B15}.Ad-Hoc|iPhone.ActiveCfg = Release|x86
		{D21A47F7-FB05-4A43-B287-FB46B5274B15}.Ad-Hoc|iPhone.Build.0 = Release|x86
		{D21A47F7-FB05-4A43-B287-FB46B5274B15}.Ad-Hoc|iPhone.Deploy.0 = Release|x86
		{D21A47F7-FB05-4A43-B287-FB46B5274B15}.Ad-Hoc|iPhoneSimulator.ActiveCfg = Release|x86
		{D21A47F7-FB05-4A43-B287-FB46B5274B15}.Ad-Hoc|iPhoneSimulator.Build.0 = Release|x86
		{D21A47F7-FB05-4A43-B287-FB46B5274B15}.Ad-Hoc|iPhoneSimulator.Deploy.0 = Release|x86
		{D21A47F7-FB05-4A43-B287-FB46B5274B15}.Ad-Hoc|x64.ActiveCfg = Release|x64
		{D21A47F7-FB05-4A43-B287-FB46B5274B15}.Ad-Hoc|x64.Build.0 = Release|x64
		{D21A47F7-FB05-4A43-B287-FB46B5274B15}.Ad-Hoc|x64.Deploy.0 = Release|x64
		{D21A47F7-FB05-4A43-B287-FB46B5274B15}.Ad-Hoc|x86.ActiveCfg = Release|x86
		{D21A47F7-FB05-4A43-B287-FB46B5274B15}.Ad-Hoc|x86.Build.0 = Release|x86
		{D21A47F7-FB05-4A43-B287-FB46B5274B15}.Ad-Hoc|x86.Deploy.0 = Release|x86
		{D21A47F7-FB05-4A43-B287-FB46B5274B15}.AppStore|Any CPU.ActiveCfg = Release|x86
		{D21A47F7-FB05-4A43-B287-FB46B5274B15}.AppStore|Any CPU.Build.0 = Release|x86
		{D21A47F7-FB05-4A43-B287-FB46B5274B15}.AppStore|Any CPU.Deploy.0 = Release|x86
		{D21A47F7-FB05-4A43-B287-FB46B5274B15}.AppStore|ARM.ActiveCfg = Release|ARM
		{D21A47F7-FB05-4A43-B287-FB46B5274B15}.AppStore|ARM.Build.0 = Release|ARM
		{D21A47F7-FB05-4A43-B287-FB46B5274B15}.AppStore|ARM.Deploy.0 = Release|ARM
		{D21A47F7-FB05-4A43-B287-FB46B5274B15}.AppStore|iPhone.ActiveCfg = Release|x86
		{D21A47F7-FB05-4A43-B287-FB46B5274B15}.AppStore|iPhone.Build.0 = Release|x86
		{D21A47F7-FB05-4A43-B287-FB46B5274B15}.AppStore|iPhone.Deploy.0 = Release|x86
		{D21A47F7-FB05-4A43-B287-FB46B5274B15}.AppStore|iPhoneSimulator.ActiveCfg = Release|x86
		{D21A47F7-FB05-4A43-B287-FB46B5274B15}.AppStore|iPhoneSimulator.Build.0 = Release|x86
		{D21A47F7-FB05-4A43-B287-FB46B5274B15}.AppStore|iPhoneSimulator.Deploy.0 = Release|x86
		{D21A47F7-FB05-4A43-B287-FB46B5274B15}.AppStore|x64.ActiveCfg = Release|x64
		{D21A47F7-FB05-4A43-B287-FB46B5274B15}.AppStore|x64.Build.0 = Release|x64
		{D21A47F7-FB05-4A43-B287-FB46B5274B15}.AppStore|x64.Deploy.0 = Release|x64
		{D21A47F7-FB05-4A43-B287-FB46B5274B15}.AppStore|x86.ActiveCfg = Release|x86
		{D21A47F7-FB05-4A43-B287-FB46B5274B15}.AppStore|x86.Build.0 = Release|x86
		{D21A47F7-FB05-4A43-B287-FB46B5274B15}.AppStore|x86.Deploy.0 = Release|x86
		{D21A47F7-FB05-4A43-B287-FB46B5274B15}.Debug|Any CPU.ActiveCfg = Debug|x86
		{D21A47F7-FB05-4A43-B287-FB46B5274B15}.Debug|ARM.ActiveCfg = Debug|ARM
		{D21A47F7-FB05-4A43-B287-FB46B5274B15}.Debug|ARM.Build.0 = Debug|ARM
		{D21A47F7-FB05-4A43-B287-FB46B5274B15}.Debug|ARM.Deploy.0 = Debug|ARM
		{D21A47F7-FB05-4A43-B287-FB46B5274B15}.Debug|iPhone.ActiveCfg = Debug|x86
		{D21A47F7-FB05-4A43-B287-FB46B5274B15}.Debug|iPhoneSimulator.ActiveCfg = Debug|x86
		{D21A47F7-FB05-4A43-B287-FB46B5274B15}.Debug|x64.ActiveCfg = Debug|x64
		{D21A47F7-FB05-4A43-B287-FB46B5274B15}.Debug|x64.Build.0 = Debug|x64
		{D21A47F7-FB05-4A43-B287-FB46B5274B15}.Debug|x64.Deploy.0 = Debug|x64
		{D21A47F7-FB05-4A43-B287-FB46B5274B15}.Debug|x86.ActiveCfg = Debug|x86
		{D21A47F7-FB05-4A43-B287-FB46B5274B15}.Debug|x86.Build.0 = Debug|x86
		{D21A47F7-FB05-4A43-B287-FB46B5274B15}.Debug|x86.Deploy.0 = Debug|x86
		{D21A47F7-FB05-4A43-B287-FB46B5274B15}.Release|Any CPU.ActiveCfg = Release|x86
		{D21A47F7-FB05-4A43-B287-FB46B5274B15}.Release|ARM.ActiveCfg = Release|ARM
		{D21A47F7-FB05-4A43-B287-FB46B5274B15}.Release|ARM.Build.0 = Release|ARM
		{D21A47F7-FB05-4A43-B287-FB46B5274B15}.Release|ARM.Deploy.0 = Release|ARM
		{D21A47F7-FB05-4A43-B287-FB46B5274B15}.Release|iPhone.ActiveCfg = Release|x86
		{D21A47F7-FB05-4A43-B287-FB46B5274B15}.Release|iPhoneSimulator.ActiveCfg = Release|x86
		{D21A47F7-FB05-4A43-B287-FB46B5274B15}.Release|x64.ActiveCfg = Release|x64
		{D21A47F7-FB05-4A43-B287-FB46B5274B15}.Release|x64.Build.0 = Release|x64
		{D21A47F7-FB05-4A43-B287-FB46B5274B15}.Release|x64.Deploy.0 = Release|x64
		{D21A47F7-FB05-4A43-B287-FB46B5274B15}.Release|x86.ActiveCfg = Release|x86
		{D21A47F7-FB05-4A43-B287-FB46B5274B15}.Release|x86.Build.0 = Release|x86
		{D21A47F7-FB05-4A43-B287-FB46B5274B15}.Release|x86.Deploy.0 = Release|x86
		{C7819616-6440-4C97-A363-33C3E6187551}.Ad-Hoc|Any CPU.ActiveCfg = Debug|Any CPU
		{C7819616-6440-4C97-A363-33C3E6187551}.Ad-Hoc|Any CPU.Build.0 = Debug|Any CPU
		{C7819616-6440-4C97-A363-33C3E6187551}.Ad-Hoc|ARM.ActiveCfg = Debug|Any CPU
		{C7819616-6440-4C97-A363-33C3E6187551}.Ad-Hoc|ARM.Build.0 = Debug|Any CPU
		{C7819616-6440-4C97-A363-33C3E6187551}.Ad-Hoc|iPhone.ActiveCfg = Debug|Any CPU
		{C7819616-6440-4C97-A363-33C3E6187551}.Ad-Hoc|iPhone.Build.0 = Debug|Any CPU
		{C7819616-6440-4C97-A363-33C3E6187551}.Ad-Hoc|iPhoneSimulator.ActiveCfg = Debug|Any CPU
		{C7819616-6440-4C97-A363-33C3E6187551}.Ad-Hoc|iPhoneSimulator.Build.0 = Debug|Any CPU
		{C7819616-6440-4C97-A363-33C3E6187551}.Ad-Hoc|x64.ActiveCfg = Debug|Any CPU
		{C7819616-6440-4C97-A363-33C3E6187551}.Ad-Hoc|x64.Build.0 = Debug|Any CPU
		{C7819616-6440-4C97-A363-33C3E6187551}.Ad-Hoc|x86.ActiveCfg = Debug|Any CPU
		{C7819616-6440-4C97-A363-33C3E6187551}.Ad-Hoc|x86.Build.0 = Debug|Any CPU
		{C7819616-6440-4C97-A363-33C3E6187551}.AppStore|Any CPU.ActiveCfg = Debug|Any CPU
		{C7819616-6440-4C97-A363-33C3E6187551}.AppStore|Any CPU.Build.0 = Debug|Any CPU
		{C7819616-6440-4C97-A363-33C3E6187551}.AppStore|ARM.ActiveCfg = Debug|Any CPU
		{C7819616-6440-4C97-A363-33C3E6187551}.AppStore|ARM.Build.0 = Debug|Any CPU
		{C7819616-6440-4C97-A363-33C3E6187551}.AppStore|iPhone.ActiveCfg = Debug|Any CPU
		{C7819616-6440-4C97-A363-33C3E6187551}.AppStore|iPhone.Build.0 = Debug|Any CPU
		{C7819616-6440-4C97-A363-33C3E6187551}.AppStore|iPhoneSimulator.ActiveCfg = Debug|Any CPU
		{C7819616-6440-4C97-A363-33C3E6187551}.AppStore|iPhoneSimulator.Build.0 = Debug|Any CPU
		{C7819616-6440-4C97-A363-33C3E6187551}.AppStore|x64.ActiveCfg = Debug|Any CPU
		{C7819616-6440-4C97-A363-33C3E6187551}.AppStore|x64.Build.0 = Debug|Any CPU
		{C7819616-6440-4C97-A363-33C3E6187551}.AppStore|x86.ActiveCfg = Debug|Any CPU
		{C7819616-6440-4C97-A363-33C3E6187551}.AppStore|x86.Build.0 = Debug|Any CPU
		{C7819616-6440-4C97-A363-33C3E6187551}.Debug|Any CPU.ActiveCfg = Debug|Any CPU
		{C7819616-6440-4C97-A363-33C3E6187551}.Debug|Any CPU.Build.0 = Debug|Any CPU
		{C7819616-6440-4C97-A363-33C3E6187551}.Debug|ARM.ActiveCfg = Debug|Any CPU
		{C7819616-6440-4C97-A363-33C3E6187551}.Debug|ARM.Build.0 = Debug|Any CPU
		{C7819616-6440-4C97-A363-33C3E6187551}.Debug|iPhone.ActiveCfg = Debug|Any CPU
		{C7819616-6440-4C97-A363-33C3E6187551}.Debug|iPhone.Build.0 = Debug|Any CPU
		{C7819616-6440-4C97-A363-33C3E6187551}.Debug|iPhoneSimulator.ActiveCfg = Debug|Any CPU
		{C7819616-6440-4C97-A363-33C3E6187551}.Debug|iPhoneSimulator.Build.0 = Debug|Any CPU
		{C7819616-6440-4C97-A363-33C3E6187551}.Debug|x64.ActiveCfg = Debug|Any CPU
		{C7819616-6440-4C97-A363-33C3E6187551}.Debug|x64.Build.0 = Debug|Any CPU
		{C7819616-6440-4C97-A363-33C3E6187551}.Debug|x86.ActiveCfg = Debug|Any CPU
		{C7819616-6440-4C97-A363-33C3E6187551}.Debug|x86.Build.0 = Debug|Any CPU
		{C7819616-6440-4C97-A363-33C3E6187551}.Release|Any CPU.ActiveCfg = Release|Any CPU
		{C7819616-6440-4C97-A363-33C3E6187551}.Release|Any CPU.Build.0 = Release|Any CPU
		{C7819616-6440-4C97-A363-33C3E6187551}.Release|ARM.ActiveCfg = Release|Any CPU
		{C7819616-6440-4C97-A363-33C3E6187551}.Release|ARM.Build.0 = Release|Any CPU
		{C7819616-6440-4C97-A363-33C3E6187551}.Release|iPhone.ActiveCfg = Release|Any CPU
		{C7819616-6440-4C97-A363-33C3E6187551}.Release|iPhone.Build.0 = Release|Any CPU
		{C7819616-6440-4C97-A363-33C3E6187551}.Release|iPhoneSimulator.ActiveCfg = Release|Any CPU
		{C7819616-6440-4C97-A363-33C3E6187551}.Release|iPhoneSimulator.Build.0 = Release|Any CPU
		{C7819616-6440-4C97-A363-33C3E6187551}.Release|x64.ActiveCfg = Release|Any CPU
		{C7819616-6440-4C97-A363-33C3E6187551}.Release|x64.Build.0 = Release|Any CPU
		{C7819616-6440-4C97-A363-33C3E6187551}.Release|x86.ActiveCfg = Release|Any CPU
		{C7819616-6440-4C97-A363-33C3E6187551}.Release|x86.Build.0 = Release|Any CPU
	EndGlobalSection
	GlobalSection(SolutionProperties) = preSolution
		HideSolutionNode = FALSE
	EndGlobalSection
	GlobalSection(ExtensibilityGlobals) = postSolution
		SolutionGuid = {F9B03E8C-203A-40B1-AABA-3664FF0C7E72}
	EndGlobalSection
EndGlobal
